
Microsoft Visual Studio Solution File, Format Version 12.00
# Visual Studio Version 16
VisualStudioVersion = 16.0.31112.23
MinimumVisualStudioVersion = 10.0.40219.1
Project("{FAE04EC0-301F-11D3-BF4B-00C04F79EFBC}") = "WebApplication1.Server", "WebApplication1\Server\WebApplication1.Server.csproj", "{32F3E7D3-47DF-491A-9A44-1C6F1D3C4294}"
EndProject
Project("{FAE04EC0-301F-11D3-BF4B-00C04F79EFBC}") = "WebApplication1.Client", "WebApplication1\Client\WebApplication1.Client.csproj", "{5795F78F-7D3E-4F9F-A140-90222D5A7A3A}"
EndProject
Project("{FAE04EC0-301F-11D3-BF4B-00C04F79EFBC}") = "WebApplication1.Shared", "WebApplication1\Shared\WebApplication1.Shared.csproj", "{DA31677B-1622-4B70-83EB-2399A47EA732}"
EndProject
Global
	GlobalSection(SolutionConfigurationPlatforms) = preSolution
		Debug|Any CPU = Debug|Any CPU
		Release|Any CPU = Release|Any CPU
	EndGlobalSection
	GlobalSection(ProjectConfigurationPlatforms) = postSolution
		{32F3E7D3-47DF-491A-9A44-1C6F1D3C4294}.Debug|Any CPU.ActiveCfg = Debug|Any CPU
		{32F3E7D3-47DF-491A-9A44-1C6F1D3C4294}.Debug|Any CPU.Build.0 = Debug|Any CPU
		{32F3E7D3-47DF-491A-9A44-1C6F1D3C4294}.Release|Any CPU.ActiveCfg = Release|Any CPU
		{32F3E7D3-47DF-491A-9A44-1C6F1D3C4294}.Release|Any CPU.Build.0 = Release|Any CPU
		{5795F78F-7D3E-4F9F-A140-90222D5A7A3A}.Debug|Any CPU.ActiveCfg = Debug|Any CPU
		{5795F78F-7D3E-4F9F-A140-90222D5A7A3A}.Debug|Any CPU.Build.0 = Debug|Any CPU
		{5795F78F-7D3E-4F9F-A140-90222D5A7A3A}.Release|Any CPU.ActiveCfg = Release|Any CPU
		{5795F78F-7D3E-4F9F-A140-90222D5A7A3A}.Release|Any CPU.Build.0 = Release|Any CPU
		{DA31677B-1622-4B70-83EB-2399A47EA732}.Debug|Any CPU.ActiveCfg = Debug|Any CPU
		{DA31677B-1622-4B70-83EB-2399A47EA732}.Debug|Any CPU.Build.0 = Debug|Any CPU
		{DA31677B-1622-4B70-83EB-2399A47EA732}.Release|Any CPU.ActiveCfg = Release|Any CPU
		{DA31677B-1622-4B70-83EB-2399A47EA732}.Release|Any CPU.Build.0 = Release|Any CPU
	EndGlobalSection
	GlobalSection(SolutionProperties) = preSolution
		HideSolutionNode = FALSE
	EndGlobalSection
	GlobalSection(ExtensibilityGlobals) = postSolution
		SolutionGuid = {9DDD8018-675C-43AA-BD52-B081545148C1}
	EndGlobalSection
EndGlobal
